
Microsoft Visual Studio Solution File, Format Version 12.00
# Visual Studio Version 16
VisualStudioVersion = 16.0.30717.126
MinimumVisualStudioVersion = 10.0.40219.1
Project("{2150E333-8FDC-42A3-9474-1A3956D46DE8}") = "Engine", "Engine", "{8CCCAC4E-2673-44EF-B6A2-ABDA206E6671}"
EndProject
Project("{9A19103F-16F7-4668-BE54-9A1E7A4F7556}") = "DataSource", "DataSource\DataSource.csproj", "{82A2F1C2-7852-4AA9-9358-33CB88337C89}"
EndProject
Project("{9A19103F-16F7-4668-BE54-9A1E7A4F7556}") = "Models", "Models\Models.csproj", "{D794D005-7ED2-453B-9748-DB5ECAF1719A}"
EndProject
Project("{9A19103F-16F7-4668-BE54-9A1E7A4F7556}") = "Services", "Services\Services.csproj", "{864F0CB9-02E7-4E65-AA01-FFE976F558D8}"
EndProject
Project("{9A19103F-16F7-4668-BE54-9A1E7A4F7556}") = "Commons", "Commons\Commons.csproj", "{6A492320-3C47-4BC8-A03B-5A409E1006DA}"
EndProject
Project("{FAE04EC0-301F-11D3-BF4B-00C04F79EFBC}") = "WebAPI", "WebAPI\WebAPI.csproj", "{ED331E1F-B8AC-4B31-86B4-3994449EF256}"
EndProject
Project("{FAE04EC0-301F-11D3-BF4B-00C04F79EFBC}") = "EasyHomeWebApp", "EasyHomeWebApp\EasyHomeWebApp.csproj", "{B2615FA7-53ED-48F5-9AB4-A6ADF05BD3A6}"
EndProject
Global
	GlobalSection(SolutionConfigurationPlatforms) = preSolution
		Debug|Any CPU = Debug|Any CPU
		Release|Any CPU = Release|Any CPU
	EndGlobalSection
	GlobalSection(ProjectConfigurationPlatforms) = postSolution
		{82A2F1C2-7852-4AA9-9358-33CB88337C89}.Debug|Any CPU.ActiveCfg = Debug|Any CPU
		{82A2F1C2-7852-4AA9-9358-33CB88337C89}.Debug|Any CPU.Build.0 = Debug|Any CPU
		{82A2F1C2-7852-4AA9-9358-33CB88337C89}.Release|Any CPU.ActiveCfg = Release|Any CPU
		{82A2F1C2-7852-4AA9-9358-33CB88337C89}.Release|Any CPU.Build.0 = Release|Any CPU
		{D794D005-7ED2-453B-9748-DB5ECAF1719A}.Debug|Any CPU.ActiveCfg = Debug|Any CPU
		{D794D005-7ED2-453B-9748-DB5ECAF1719A}.Debug|Any CPU.Build.0 = Debug|Any CPU
		{D794D005-7ED2-453B-9748-DB5ECAF1719A}.Release|Any CPU.ActiveCfg = Release|Any CPU
		{D794D005-7ED2-453B-9748-DB5ECAF1719A}.Release|Any CPU.Build.0 = Release|Any CPU
		{864F0CB9-02E7-4E65-AA01-FFE976F558D8}.Debug|Any CPU.ActiveCfg = Debug|Any CPU
		{864F0CB9-02E7-4E65-AA01-FFE976F558D8}.Debug|Any CPU.Build.0 = Debug|Any CPU
		{864F0CB9-02E7-4E65-AA01-FFE976F558D8}.Release|Any CPU.ActiveCfg = Release|Any CPU
		{864F0CB9-02E7-4E65-AA01-FFE976F558D8}.Release|Any CPU.Build.0 = Release|Any CPU
		{6A492320-3C47-4BC8-A03B-5A409E1006DA}.Debug|Any CPU.ActiveCfg = Debug|Any CPU
		{6A492320-3C47-4BC8-A03B-5A409E1006DA}.Debug|Any CPU.Build.0 = Debug|Any CPU
		{6A492320-3C47-4BC8-A03B-5A409E1006DA}.Release|Any CPU.ActiveCfg = Release|Any CPU
		{6A492320-3C47-4BC8-A03B-5A409E1006DA}.Release|Any CPU.Build.0 = Release|Any CPU
		{ED331E1F-B8AC-4B31-86B4-3994449EF256}.Debug|Any CPU.ActiveCfg = Debug|Any CPU
		{ED331E1F-B8AC-4B31-86B4-3994449EF256}.Debug|Any CPU.Build.0 = Debug|Any CPU
		{ED331E1F-B8AC-4B31-86B4-3994449EF256}.Release|Any CPU.ActiveCfg = Release|Any CPU
		{ED331E1F-B8AC-4B31-86B4-3994449EF256}.Release|Any CPU.Build.0 = Release|Any CPU
		{B2615FA7-53ED-48F5-9AB4-A6ADF05BD3A6}.Debug|Any CPU.ActiveCfg = Debug|Any CPU
		{B2615FA7-53ED-48F5-9AB4-A6ADF05BD3A6}.Debug|Any CPU.Build.0 = Debug|Any CPU
		{B2615FA7-53ED-48F5-9AB4-A6ADF05BD3A6}.Release|Any CPU.ActiveCfg = Release|Any CPU
		{B2615FA7-53ED-48F5-9AB4-A6ADF05BD3A6}.Release|Any CPU.Build.0 = Release|Any CPU
	EndGlobalSection
	GlobalSection(SolutionProperties) = preSolution
		HideSolutionNode = FALSE
	EndGlobalSection
	GlobalSection(NestedProjects) = preSolution
		{82A2F1C2-7852-4AA9-9358-33CB88337C89} = {8CCCAC4E-2673-44EF-B6A2-ABDA206E6671}
		{D794D005-7ED2-453B-9748-DB5ECAF1719A} = {8CCCAC4E-2673-44EF-B6A2-ABDA206E6671}
		{864F0CB9-02E7-4E65-AA01-FFE976F558D8} = {8CCCAC4E-2673-44EF-B6A2-ABDA206E6671}
		{6A492320-3C47-4BC8-A03B-5A409E1006DA} = {8CCCAC4E-2673-44EF-B6A2-ABDA206E6671}
		{ED331E1F-B8AC-4B31-86B4-3994449EF256} = {8CCCAC4E-2673-44EF-B6A2-ABDA206E6671}
	EndGlobalSection
	GlobalSection(ExtensibilityGlobals) = postSolution
		SolutionGuid = {1AB7235D-A533-4B11-A814-3550777D616E}
	EndGlobalSection
EndGlobal
